<Solution>
  <Project Path="../../../../../../source/repos/Player Wallet Service/Player Wallet Service.ApiService/Player Wallet Service.ApiService.csproj" />
  <Project Path="../../../../../../source/repos/Player Wallet Service/Player Wallet Service.AppHost/Player Wallet Service.AppHost.csproj" />
  <Project Path="../../../../../../source/repos/Player Wallet Service/Player Wallet Service.ServiceDefaults/Player Wallet Service.ServiceDefaults.csproj" />
  <Project Path="Player Wallet Service.Benchmarks/Player Wallet Service.Benchmarks.csproj" />
  <Project Path="Player Wallet Service.Tests/Player Wallet Service.Tests.csproj" />
</Solution>
